lockfileVersion: '9.0'

settings:
  autoInstallPeers: true
  excludeLinksFromLockfile: false

importers:

  .:
    devDependencies:
      '@typescript/native-preview':
        specifier: 7.0.0-dev.20260426.1
        version: 7.0.0-dev.20260426.1
      typescript:
        specifier: ^6.0.3
        version: 6.0.3

packages:

  '@typescript/native-preview-darwin-arm64@7.0.0-dev.20260426.1':
    resolution: {integrity: sha512-HzGvERpIFO7p6pMljPN1fIOHqAv2oMeVIqYLSt27TKILkTRpe7fANW3R2OAM+/A+pLtYNNXGDbKl/wR+DHz9KA==}
    engines: {node: '>=16.20.0'}
    cpu: [arm64]
    os: [darwin]

  '@typescript/native-preview-darwin-x64@7.0.0-dev.20260426.1':
    resolution: {integrity: sha512-aE17wCPNQ09K4jV7TQYYRYF/Q/6nFS9jLpbyTYHtS+i+0yV1Rrs4VsqboisS1R/iSWsq3m1Yhh3uS4x3/9KUkg==}
    engines: {node: '>=16.20.0'}
    cpu: [x64]
    os: [darwin]

  '@typescript/native-preview-linux-arm64@7.0.0-dev.20260426.1':
    resolution: {integrity: sha512-6OfhODChD1N6FX+ITzA1lny3WX6uew/Nw9kN7uWhymXlM3/vE0qtaAfsMpgdHdCbTPgcdpGaNFhbcMieju9Vdg==}
    engines: {node: '>=16.20.0'}
    cpu: [arm64]
    os: [linux]

  '@typescript/native-preview-linux-arm@7.0.0-dev.20260426.1':
    resolution: {integrity: sha512-/XJRC8B6JeOOb2/iek/BrzW4r5Nut+fkucG7ntEOQn63IRTsfP+AfJdJodG1VIwXOleNlFgG4RtYTUsvcbDJhg==}
    engines: {node: '>=16.20.0'}
    cpu: [arm]
    os: [linux]

  '@typescript/native-preview-linux-x64@7.0.0-dev.20260426.1':
    resolution: {integrity: sha512-KPDpjmLo/4xY8ugfMGFm7Ona/1igPzZveLt/C0rb6/jNPYuShumRfKYnItGDRXBlmecJY/04lrqkWqQjhtSSPg==}
    engines: {node: '>=16.20.0'}
    cpu: [x64]
    os: [linux]

  '@typescript/native-preview-win32-arm64@7.0.0-dev.20260426.1':
    resolution: {integrity: sha512-I7ThiopxuNKX/iAcwgMwsm6L32GOwmwLOyPwQmXjh5c3VD2acq3FYyZRDJVk0aUUy1w6bTbODlo5ZHoPnlZtvw==}
    engines: {node: '>=16.20.0'}
    cpu: [arm64]
    os: [win32]

  '@typescript/native-preview-win32-x64@7.0.0-dev.20260426.1':
    resolution: {integrity: sha512-4624MJq72vN4H1msiWVBqAIyerJRi5Ni/U6eeE1A1Opqg4c4QoalYQQ+5h5RIuaZ6rY+9kvUn+SjsvbZwyLbjQ==}
    engines: {node: '>=16.20.0'}
    cpu: [x64]
    os: [win32]

  '@typescript/native-preview@7.0.0-dev.20260426.1':
    resolution: {integrity: sha512-zE7B6TIG4XDYr4Your5E2Bxm1vD2YiPyD8OFG4nD5Odt/uN6gO0Y+T4TIbtGUBmOftMRqEV2Jw1ZC4ka0my1yw==}
    engines: {node: '>=16.20.0'}
    hasBin: true

  typescript@6.0.3:
    resolution: {integrity: sha512-y2TvuxSZPDyQakkFRPZHKFm+KKVqIisdg9/CZwm9ftvKXLP8NRWj38/ODjNbr43SsoXqNuAisEf1GdCxqWcdBw==}
    engines: {node: '>=14.17'}
    hasBin: true

snapshots:

  '@typescript/native-preview-darwin-arm64@7.0.0-dev.20260426.1':
    optional: true

  '@typescript/native-preview-darwin-x64@7.0.0-dev.20260426.1':
    optional: true

  '@typescript/native-preview-linux-arm64@7.0.0-dev.20260426.1':
    optional: true

  '@typescript/native-preview-linux-arm@7.0.0-dev.20260426.1':
    optional: true

  '@typescript/native-preview-linux-x64@7.0.0-dev.20260426.1':
    optional: true

  '@typescript/native-preview-win32-arm64@7.0.0-dev.20260426.1':
    optional: true

  '@typescript/native-preview-win32-x64@7.0.0-dev.20260426.1':
    optional: true

  '@typescript/native-preview@7.0.0-dev.20260426.1':
    optionalDependencies:
      '@typescript/native-preview-darwin-arm64': 7.0.0-dev.20260426.1
      '@typescript/native-preview-darwin-x64': 7.0.0-dev.20260426.1
      '@typescript/native-preview-linux-arm': 7.0.0-dev.20260426.1
      '@typescript/native-preview-linux-arm64': 7.0.0-dev.20260426.1
      '@typescript/native-preview-linux-x64': 7.0.0-dev.20260426.1
      '@typescript/native-preview-win32-arm64': 7.0.0-dev.20260426.1
      '@typescript/native-preview-win32-x64': 7.0.0-dev.20260426.1

  typescript@6.0.3: {}
